dependencies:
- name: postgresql
  repository: https://charts.bitnami.com/bitnami
  version: 11.6.0
- name: mysql
  repository: https://charts.bitnami.com/bitnami
  version: 9.1.2
- name: common
  repository: https://charts.bitnami.com/bitnami
  version: 1.14.2
digest: sha256:f703f3beccf530dbed3eeadfddd0e093e8e5328e62fd6c9efde2f5842b9c07dd
generated: "2022-08-14T20:16:23.521861+08:00"
