dependencies:
- name: postgresql
  repository: https://charts.bitnami.com/bitnami
  version: 11.6.0
- name: mysql
  repository: https://charts.bitnami.com/bitnami
  version: 9.1.2
- name: common
  repository: https://charts.bitnami.com/bitnami
  version: 1.14.2
digest: sha256:c8707d4c909ac38d71248b8bce3e5312495337179dde0a127ae7556138689648
generated: "2022-06-01T17:36:16.325975954+08:00"
