dependencies:
- name: postgresql
  repository: https://charts.bitnami.com/bitnami
  version: 11.8.0
- name: mysql
  repository: https://charts.bitnami.com/bitnami
  version: 9.3.0
- name: common
  repository: https://charts.bitnami.com/bitnami
  version: 1.17.1
digest: sha256:efd1ae0badd03bc81c3d614c5d8df463858af25a1a769a4d8a5b6e81080b8ca2
generated: "2022-08-23T18:17:05.308362+08:00"
